
Microsoft Visual Studio Solution File, Format Version 12.00
# Visual Studio Version 16
VisualStudioVersion = 16.0.32630.194
MinimumVisualStudioVersion = 10.0.40219.1
Project("{FAE04EC0-301F-11D3-BF4B-00C04F79EFBC}") = "StudentAdminPortal.API", "StudentAdminPortal.API\StudentAdminPortal.API.csproj", "{92C6628D-C72B-4B5F-B670-C89AD798980B}"
EndProject
Global
	GlobalSection(SolutionConfigurationPlatforms) = preSolution
		Debug|Any CPU = Debug|Any CPU
		Release|Any CPU = Release|Any CPU
	EndGlobalSection
	GlobalSection(ProjectConfigurationPlatforms) = postSolution
		{92C6628D-C72B-4B5F-B670-C89AD798980B}.Debug|Any CPU.ActiveCfg = Debug|Any CPU
		{92C6628D-C72B-4B5F-B670-C89AD798980B}.Debug|Any CPU.Build.0 = Debug|Any CPU
		{92C6628D-C72B-4B5F-B670-C89AD798980B}.Release|Any CPU.ActiveCfg = Release|Any CPU
		{92C6628D-C72B-4B5F-B670-C89AD798980B}.Release|Any CPU.Build.0 = Release|Any CPU
	EndGlobalSection
	GlobalSection(SolutionProperties) = preSolution
		HideSolutionNode = FALSE
	EndGlobalSection
	GlobalSection(ExtensibilityGlobals) = postSolution
		SolutionGuid = {D8D309DD-ACF5-4651-BB3C-8F675215CB8E}
	EndGlobalSection
EndGlobal
